
Microsoft Visual Studio Solution File, Format Version 12.00
# Visual Studio Version 16
VisualStudioVersion = 16.0.30413.136
MinimumVisualStudioVersion = 10.0.40219.1
Project("{FAE04EC0-301F-11D3-BF4B-00C04F79EFBC}") = "Reyes_MidtermExam", "Reyes_MidtermExam\Reyes_MidtermExam.csproj", "{B46ADD54-D30D-4713-9F3C-2B83DB71927E}"
EndProject
Global
	GlobalSection(SolutionConfigurationPlatforms) = preSolution
		Debug|Any CPU = Debug|Any CPU
		Release|Any CPU = Release|Any CPU
	EndGlobalSection
	GlobalSection(ProjectConfigurationPlatforms) = postSolution
		{B46ADD54-D30D-4713-9F3C-2B83DB71927E}.Debug|Any CPU.ActiveCfg = Debug|Any CPU
		{B46ADD54-D30D-4713-9F3C-2B83DB71927E}.Debug|Any CPU.Build.0 = Debug|Any CPU
		{B46ADD54-D30D-4713-9F3C-2B83DB71927E}.Release|Any CPU.ActiveCfg = Release|Any CPU
		{B46ADD54-D30D-4713-9F3C-2B83DB71927E}.Release|Any CPU.Build.0 = Release|Any CPU
	EndGlobalSection
	GlobalSection(SolutionProperties) = preSolution
		HideSolutionNode = FALSE
	EndGlobalSection
	GlobalSection(ExtensibilityGlobals) = postSolution
		SolutionGuid = {CF2F7116-617C-48AE-84DB-AC5E652C4C61}
	EndGlobalSection
EndGlobal
